
Microsoft Visual Studio Solution File, Format Version 12.00
Project("{FAE04EC0-301F-11D3-BF4B-00C04F79EFBC}") = "Dango", "src\Dango\Dango.csproj", "{0C1C7D4D-55C2-4083-BB84-8FA2DC171B0E}"
EndProject
Project("{FAE04EC0-301F-11D3-BF4B-00C04F79EFBC}") = "Dango.Abstractions", "src\Dango.Abstractions\Dango.Abstractions.csproj", "{91D3200F-AAF2-4C9C-9EF1-5549799FAF68}"
EndProject
Project("{2150E333-8FDC-42A3-9474-1A3956D46DE8}") = "Tests", "Tests", "{1802D0C6-8F63-40F7-A865-03FC7526E6BE}"
EndProject
Project("{FAE04EC0-301F-11D3-BF4B-00C04F79EFBC}") = "Dango.Tests", "test\Dango.Tests\Dango.Tests.csproj", "{436B51E5-ACF9-4F52-866B-A4C99F5C01E4}"
EndProject
Global
	GlobalSection(SolutionConfigurationPlatforms) = preSolution
		Debug|Any CPU = Debug|Any CPU
		Release|Any CPU = Release|Any CPU
	EndGlobalSection
	GlobalSection(ProjectConfigurationPlatforms) = postSolution
		{0C1C7D4D-55C2-4083-BB84-8FA2DC171B0E}.Debug|Any CPU.ActiveCfg = Debug|Any CPU
		{0C1C7D4D-55C2-4083-BB84-8FA2DC171B0E}.Debug|Any CPU.Build.0 = Debug|Any CPU
		{0C1C7D4D-55C2-4083-BB84-8FA2DC171B0E}.Release|Any CPU.ActiveCfg = Release|Any CPU
		{0C1C7D4D-55C2-4083-BB84-8FA2DC171B0E}.Release|Any CPU.Build.0 = Release|Any CPU
		{91D3200F-AAF2-4C9C-9EF1-5549799FAF68}.Debug|Any CPU.ActiveCfg = Debug|Any CPU
		{91D3200F-AAF2-4C9C-9EF1-5549799FAF68}.Debug|Any CPU.Build.0 = Debug|Any CPU
		{91D3200F-AAF2-4C9C-9EF1-5549799FAF68}.Release|Any CPU.ActiveCfg = Release|Any CPU
		{91D3200F-AAF2-4C9C-9EF1-5549799FAF68}.Release|Any CPU.Build.0 = Release|Any CPU
		{436B51E5-ACF9-4F52-866B-A4C99F5C01E4}.Debug|Any CPU.ActiveCfg = Debug|Any CPU
		{436B51E5-ACF9-4F52-866B-A4C99F5C01E4}.Debug|Any CPU.Build.0 = Debug|Any CPU
		{436B51E5-ACF9-4F52-866B-A4C99F5C01E4}.Release|Any CPU.ActiveCfg = Release|Any CPU
		{436B51E5-ACF9-4F52-866B-A4C99F5C01E4}.Release|Any CPU.Build.0 = Release|Any CPU
	EndGlobalSection
	GlobalSection(NestedProjects) = preSolution
		{436B51E5-ACF9-4F52-866B-A4C99F5C01E4} = {1802D0C6-8F63-40F7-A865-03FC7526E6BE}
	EndGlobalSection
EndGlobal
